
Microsoft Visual Studio Solution File, Format Version 12.00
# Visual Studio Version 17
VisualStudioVersion = 17.9.34607.119
MinimumVisualStudioVersion = 10.0.40219.1
Project("{888888A0-9F3D-457C-B088-3A5042F75D52}") = "float_int_#2", "float_int_#2.pyproj", "{6E0D370F-D38B-469D-9D6E-BEF60D71C5E1}"
EndProject
Global
	GlobalSection(SolutionConfigurationPlatforms) = preSolution
		Debug|Any CPU = Debug|Any CPU
		Release|Any CPU = Release|Any CPU
	EndGlobalSection
	GlobalSection(ProjectConfigurationPlatforms) = postSolution
		{6E0D370F-D38B-469D-9D6E-BEF60D71C5E1}.Debug|Any CPU.ActiveCfg = Debug|Any CPU
		{6E0D370F-D38B-469D-9D6E-BEF60D71C5E1}.Release|Any CPU.ActiveCfg = Release|Any CPU
	EndGlobalSection
	GlobalSection(SolutionProperties) = preSolution
		HideSolutionNode = FALSE
	EndGlobalSection
	GlobalSection(ExtensibilityGlobals) = postSolution
		SolutionGuid = {AA93CFA5-DD32-48AA-9233-A85584FE18DF}
	EndGlobalSection
EndGlobal
